
Microsoft Visual Studio Solution File, Format Version 12.00
# Visual Studio Version 16
VisualStudioVersion = 16.0.28803.202
MinimumVisualStudioVersion = 10.0.40219.1
Project("{9A19103F-16F7-4668-BE54-9A1E7A4F7556}") = "HelpmanCommander.API", "HelpmanCommander.API\HelpmanCommander.API.csproj", "{74D56A6B-7F19-451C-89C9-5BB33F48141F}"
EndProject
Project("{9A19103F-16F7-4668-BE54-9A1E7A4F7556}") = "HelpmanCommander.Data", "HelpmanCommander.Data\HelpmanCommander.Data.csproj", "{9AB56404-B960-45CB-BA5A-5294E99053D3}"
EndProject
Project("{FAE04EC0-301F-11D3-BF4B-00C04F79EFBC}") = "HelpmanCommander.Web", "HelpmanCommander.Web\HelpmanCommander.Web.csproj", "{45328E65-BFE0-4756-917F-1461CDA1FFCB}"
EndProject
Global
	GlobalSection(SolutionConfigurationPlatforms) = preSolution
		Debug|Any CPU = Debug|Any CPU
		Release|Any CPU = Release|Any CPU
	EndGlobalSection
	GlobalSection(ProjectConfigurationPlatforms) = postSolution
		{74D56A6B-7F19-451C-89C9-5BB33F48141F}.Debug|Any CPU.ActiveCfg = Debug|Any CPU
		{74D56A6B-7F19-451C-89C9-5BB33F48141F}.Debug|Any CPU.Build.0 = Debug|Any CPU
		{74D56A6B-7F19-451C-89C9-5BB33F48141F}.Release|Any CPU.ActiveCfg = Release|Any CPU
		{74D56A6B-7F19-451C-89C9-5BB33F48141F}.Release|Any CPU.Build.0 = Release|Any CPU
		{9AB56404-B960-45CB-BA5A-5294E99053D3}.Debug|Any CPU.ActiveCfg = Debug|Any CPU
		{9AB56404-B960-45CB-BA5A-5294E99053D3}.Debug|Any CPU.Build.0 = Debug|Any CPU
		{9AB56404-B960-45CB-BA5A-5294E99053D3}.Release|Any CPU.ActiveCfg = Release|Any CPU
		{9AB56404-B960-45CB-BA5A-5294E99053D3}.Release|Any CPU.Build.0 = Release|Any CPU
		{45328E65-BFE0-4756-917F-1461CDA1FFCB}.Debug|Any CPU.ActiveCfg = Debug|Any CPU
		{45328E65-BFE0-4756-917F-1461CDA1FFCB}.Debug|Any CPU.Build.0 = Debug|Any CPU
		{45328E65-BFE0-4756-917F-1461CDA1FFCB}.Release|Any CPU.ActiveCfg = Release|Any CPU
		{45328E65-BFE0-4756-917F-1461CDA1FFCB}.Release|Any CPU.Build.0 = Release|Any CPU
	EndGlobalSection
	GlobalSection(SolutionProperties) = preSolution
		HideSolutionNode = FALSE
	EndGlobalSection
	GlobalSection(ExtensibilityGlobals) = postSolution
		SolutionGuid = {91E92D45-C059-4B3B-A1C7-A246030BF56C}
	EndGlobalSection
EndGlobal
